
Microsoft Visual Studio Solution File, Format Version 12.00
# Visual Studio Version 17
VisualStudioVersion = 17.0.31903.59
MinimumVisualStudioVersion = 10.0.40219.1
Project("{2150E333-8FDC-42A3-9474-1A3956D46DE8}") = "Services", "Services", "{A34CAF52-DC26-4A2E-8FC9-0035C601385C}"
EndProject
Project("{2150E333-8FDC-42A3-9474-1A3956D46DE8}") = "Catalog", "Catalog", "{86286DB8-307B-4ECB-9B29-4312DF2B9ECD}"
EndProject
Project("{9A19103F-16F7-4668-BE54-9A1E7A4F7556}") = "Catalog.API", "Services\Catalog\Catalog.API\Catalog.API.csproj", "{F96FDAB4-780C-4CDE-A3C5-51FBD2E2A1CF}"
EndProject
Project("{E53339B2-1760-4266-BCC7-CA923CBCF16C}") = "docker-compose", "docker-compose.dcproj", "{3C1594A8-5F9E-464A-9170-B5FEBD011FD2}"
EndProject
Project("{2150E333-8FDC-42A3-9474-1A3956D46DE8}") = "Basket", "Basket", "{3DD0F9BB-C39F-4408-8653-D74EFBD1A024}"
EndProject
Project("{9A19103F-16F7-4668-BE54-9A1E7A4F7556}") = "Basket.API", "Services\Basket\Basket.API\Basket.API.csproj", "{98D428B2-8556-468A-8484-087D9E09F2DF}"
EndProject
Project("{2150E333-8FDC-42A3-9474-1A3956D46DE8}") = "Discount", "Discount", "{E90EC54B-69B1-4345-9C43-F17A57193316}"
EndProject
Project("{9A19103F-16F7-4668-BE54-9A1E7A4F7556}") = "Discount.API", "Services\Discount\Discount.API\Discount.API.csproj", "{C749727F-386F-4249-9F6C-B0B4E8514ACE}"
EndProject
Project("{FAE04EC0-301F-11D3-BF4B-00C04F79EFBC}") = "Discount.Grpc", "Services\Discount\Discount.Grpc\Discount.Grpc.csproj", "{911CA294-37A6-45BB-A539-FB5B4A8362B5}"
EndProject
Project("{2150E333-8FDC-42A3-9474-1A3956D46DE8}") = "Ordering", "Ordering", "{941C3EB5-27B6-495E-880B-4D18E0A910E8}"
EndProject
Project("{FAE04EC0-301F-11D3-BF4B-00C04F79EFBC}") = "Ordering.API", "Services\Ordering\Ordering.API\Ordering.API.csproj", "{3CADFD45-C31C-4C1C-B439-2C62DA69F8CD}"
EndProject
Project("{2150E333-8FDC-42A3-9474-1A3956D46DE8}") = "ApiGateways", "ApiGateways", "{A6319964-B354-4410-98BC-E544E82140CF}"
EndProject
Project("{FAE04EC0-301F-11D3-BF4B-00C04F79EFBC}") = "OcelotGw", "ApiGateways\OcelotGw\OcelotGw.csproj", "{2BA80D23-6589-4041-A9B6-B6E843315DE9}"
EndProject
Global
	GlobalSection(SolutionConfigurationPlatforms) = preSolution
		Debug|Any CPU = Debug|Any CPU
		Release|Any CPU = Release|Any CPU
	EndGlobalSection
	GlobalSection(ProjectConfigurationPlatforms) = postSolution
		{F96FDAB4-780C-4CDE-A3C5-51FBD2E2A1CF}.Debug|Any CPU.ActiveCfg = Debug|Any CPU
		{F96FDAB4-780C-4CDE-A3C5-51FBD2E2A1CF}.Debug|Any CPU.Build.0 = Debug|Any CPU
		{F96FDAB4-780C-4CDE-A3C5-51FBD2E2A1CF}.Release|Any CPU.ActiveCfg = Release|Any CPU
		{F96FDAB4-780C-4CDE-A3C5-51FBD2E2A1CF}.Release|Any CPU.Build.0 = Release|Any CPU
		{3C1594A8-5F9E-464A-9170-B5FEBD011FD2}.Debug|Any CPU.ActiveCfg = Debug|Any CPU
		{3C1594A8-5F9E-464A-9170-B5FEBD011FD2}.Debug|Any CPU.Build.0 = Debug|Any CPU
		{3C1594A8-5F9E-464A-9170-B5FEBD011FD2}.Release|Any CPU.ActiveCfg = Release|Any CPU
		{3C1594A8-5F9E-464A-9170-B5FEBD011FD2}.Release|Any CPU.Build.0 = Release|Any CPU
		{98D428B2-8556-468A-8484-087D9E09F2DF}.Debug|Any CPU.ActiveCfg = Debug|Any CPU
		{98D428B2-8556-468A-8484-087D9E09F2DF}.Debug|Any CPU.Build.0 = Debug|Any CPU
		{98D428B2-8556-468A-8484-087D9E09F2DF}.Release|Any CPU.ActiveCfg = Release|Any CPU
		{98D428B2-8556-468A-8484-087D9E09F2DF}.Release|Any CPU.Build.0 = Release|Any CPU
		{C749727F-386F-4249-9F6C-B0B4E8514ACE}.Debug|Any CPU.ActiveCfg = Debug|Any CPU
		{C749727F-386F-4249-9F6C-B0B4E8514ACE}.Debug|Any CPU.Build.0 = Debug|Any CPU
		{C749727F-386F-4249-9F6C-B0B4E8514ACE}.Release|Any CPU.ActiveCfg = Release|Any CPU
		{C749727F-386F-4249-9F6C-B0B4E8514ACE}.Release|Any CPU.Build.0 = Release|Any CPU
		{911CA294-37A6-45BB-A539-FB5B4A8362B5}.Debug|Any CPU.ActiveCfg = Debug|Any CPU
		{911CA294-37A6-45BB-A539-FB5B4A8362B5}.Debug|Any CPU.Build.0 = Debug|Any CPU
		{911CA294-37A6-45BB-A539-FB5B4A8362B5}.Release|Any CPU.ActiveCfg = Release|Any CPU
		{911CA294-37A6-45BB-A539-FB5B4A8362B5}.Release|Any CPU.Build.0 = Release|Any CPU
		{3CADFD45-C31C-4C1C-B439-2C62DA69F8CD}.Debug|Any CPU.ActiveCfg = Debug|Any CPU
		{3CADFD45-C31C-4C1C-B439-2C62DA69F8CD}.Debug|Any CPU.Build.0 = Debug|Any CPU
		{3CADFD45-C31C-4C1C-B439-2C62DA69F8CD}.Release|Any CPU.ActiveCfg = Release|Any CPU
		{3CADFD45-C31C-4C1C-B439-2C62DA69F8CD}.Release|Any CPU.Build.0 = Release|Any CPU
		{2BA80D23-6589-4041-A9B6-B6E843315DE9}.Debug|Any CPU.ActiveCfg = Debug|Any CPU
		{2BA80D23-6589-4041-A9B6-B6E843315DE9}.Debug|Any CPU.Build.0 = Debug|Any CPU
		{2BA80D23-6589-4041-A9B6-B6E843315DE9}.Release|Any CPU.ActiveCfg = Release|Any CPU
		{2BA80D23-6589-4041-A9B6-B6E843315DE9}.Release|Any CPU.Build.0 = Release|Any CPU
	EndGlobalSection
	GlobalSection(SolutionProperties) = preSolution
		HideSolutionNode = FALSE
	EndGlobalSection
	GlobalSection(NestedProjects) = preSolution
		{86286DB8-307B-4ECB-9B29-4312DF2B9ECD} = {A34CAF52-DC26-4A2E-8FC9-0035C601385C}
		{F96FDAB4-780C-4CDE-A3C5-51FBD2E2A1CF} = {86286DB8-307B-4ECB-9B29-4312DF2B9ECD}
		{3DD0F9BB-C39F-4408-8653-D74EFBD1A024} = {A34CAF52-DC26-4A2E-8FC9-0035C601385C}
		{98D428B2-8556-468A-8484-087D9E09F2DF} = {3DD0F9BB-C39F-4408-8653-D74EFBD1A024}
		{E90EC54B-69B1-4345-9C43-F17A57193316} = {A34CAF52-DC26-4A2E-8FC9-0035C601385C}
		{C749727F-386F-4249-9F6C-B0B4E8514ACE} = {E90EC54B-69B1-4345-9C43-F17A57193316}
		{911CA294-37A6-45BB-A539-FB5B4A8362B5} = {E90EC54B-69B1-4345-9C43-F17A57193316}
		{941C3EB5-27B6-495E-880B-4D18E0A910E8} = {A34CAF52-DC26-4A2E-8FC9-0035C601385C}
		{3CADFD45-C31C-4C1C-B439-2C62DA69F8CD} = {941C3EB5-27B6-495E-880B-4D18E0A910E8}
		{2BA80D23-6589-4041-A9B6-B6E843315DE9} = {A6319964-B354-4410-98BC-E544E82140CF}
	EndGlobalSection
	GlobalSection(ExtensibilityGlobals) = postSolution
		SolutionGuid = {348296C7-21B1-4BDE-A4CB-7D7C76D5C84F}
	EndGlobalSection
EndGlobal
